
Microsoft Visual Studio Solution File, Format Version 12.00
# Visual Studio Version 16
VisualStudioVersion = 16.0.30907.101
MinimumVisualStudioVersion = 15.0.26124.0
Project("{9A19103F-16F7-4668-BE54-9A1E7A4F7556}") = "EchoRequestMiddleware", "EchoRequestMiddleware\EchoRequestMiddleware.csproj", "{0C7407CC-93EE-41A4-9C3F-05D8133B1B96}"
EndProject
Project("{FAE04EC0-301F-11D3-BF4B-00C04F79EFBC}") = "EchoRequestMiddleware.Web.Tests", "EchoRequestMiddleware.Web.Tests\EchoRequestMiddleware.Web.Tests.csproj", "{9ADB9EAF-B547-499D-96EE-CA90B3AB5CA6}"
EndProject
Global
	GlobalSection(SolutionConfigurationPlatforms) = preSolution
		Debug|Any CPU = Debug|Any CPU
		Debug|x64 = Debug|x64
		Debug|x86 = Debug|x86
		Release|Any CPU = Release|Any CPU
		Release|x64 = Release|x64
		Release|x86 = Release|x86
	EndGlobalSection
	GlobalSection(ProjectConfigurationPlatforms) = postSolution
		{0C7407CC-93EE-41A4-9C3F-05D8133B1B96}.Debug|Any CPU.ActiveCfg = Debug|Any CPU
		{0C7407CC-93EE-41A4-9C3F-05D8133B1B96}.Debug|Any CPU.Build.0 = Debug|Any CPU
		{0C7407CC-93EE-41A4-9C3F-05D8133B1B96}.Debug|x64.ActiveCfg = Debug|Any CPU
		{0C7407CC-93EE-41A4-9C3F-05D8133B1B96}.Debug|x64.Build.0 = Debug|Any CPU
		{0C7407CC-93EE-41A4-9C3F-05D8133B1B96}.Debug|x86.ActiveCfg = Debug|Any CPU
		{0C7407CC-93EE-41A4-9C3F-05D8133B1B96}.Debug|x86.Build.0 = Debug|Any CPU
		{0C7407CC-93EE-41A4-9C3F-05D8133B1B96}.Release|Any CPU.ActiveCfg = Release|Any CPU
		{0C7407CC-93EE-41A4-9C3F-05D8133B1B96}.Release|Any CPU.Build.0 = Release|Any CPU
		{0C7407CC-93EE-41A4-9C3F-05D8133B1B96}.Release|x64.ActiveCfg = Release|Any CPU
		{0C7407CC-93EE-41A4-9C3F-05D8133B1B96}.Release|x64.Build.0 = Release|Any CPU
		{0C7407CC-93EE-41A4-9C3F-05D8133B1B96}.Release|x86.ActiveCfg = Release|Any CPU
		{0C7407CC-93EE-41A4-9C3F-05D8133B1B96}.Release|x86.Build.0 = Release|Any CPU
		{9ADB9EAF-B547-499D-96EE-CA90B3AB5CA6}.Debug|Any CPU.ActiveCfg = Debug|Any CPU
		{9ADB9EAF-B547-499D-96EE-CA90B3AB5CA6}.Debug|Any CPU.Build.0 = Debug|Any CPU
		{9ADB9EAF-B547-499D-96EE-CA90B3AB5CA6}.Debug|x64.ActiveCfg = Debug|Any CPU
		{9ADB9EAF-B547-499D-96EE-CA90B3AB5CA6}.Debug|x64.Build.0 = Debug|Any CPU
		{9ADB9EAF-B547-499D-96EE-CA90B3AB5CA6}.Debug|x86.ActiveCfg = Debug|Any CPU
		{9ADB9EAF-B547-499D-96EE-CA90B3AB5CA6}.Debug|x86.Build.0 = Debug|Any CPU
		{9ADB9EAF-B547-499D-96EE-CA90B3AB5CA6}.Release|Any CPU.ActiveCfg = Release|Any CPU
		{9ADB9EAF-B547-499D-96EE-CA90B3AB5CA6}.Release|Any CPU.Build.0 = Release|Any CPU
		{9ADB9EAF-B547-499D-96EE-CA90B3AB5CA6}.Release|x64.ActiveCfg = Release|Any CPU
		{9ADB9EAF-B547-499D-96EE-CA90B3AB5CA6}.Release|x64.Build.0 = Release|Any CPU
		{9ADB9EAF-B547-499D-96EE-CA90B3AB5CA6}.Release|x86.ActiveCfg = Release|Any CPU
		{9ADB9EAF-B547-499D-96EE-CA90B3AB5CA6}.Release|x86.Build.0 = Release|Any CPU
	EndGlobalSection
	GlobalSection(SolutionProperties) = preSolution
		HideSolutionNode = FALSE
	EndGlobalSection
	GlobalSection(ExtensibilityGlobals) = postSolution
		SolutionGuid = {C678AB7E-3EF4-47A5-BB24-8F510710E205}
	EndGlobalSection
EndGlobal
